
Microsoft Visual Studio Solution File, Format Version 12.00
# Visual Studio Version 16
VisualStudioVersion = 16.0.31019.35
MinimumVisualStudioVersion = 10.0.40219.1
Project("{FAE04EC0-301F-11D3-BF4B-00C04F79EFBC}") = "BasicCRUD", "BasicCRUD.csproj", "{9B73B5FB-B969-4E44-9D7E-9CC8DEDF8579}"
EndProject
Global
	GlobalSection(SolutionConfigurationPlatforms) = preSolution
		Debug|Any CPU = Debug|Any CPU
		Release|Any CPU = Release|Any CPU
	EndGlobalSection
	GlobalSection(ProjectConfigurationPlatforms) = postSolution
		{9B73B5FB-B969-4E44-9D7E-9CC8DEDF8579}.Debug|Any CPU.ActiveCfg = Debug|Any CPU
		{9B73B5FB-B969-4E44-9D7E-9CC8DEDF8579}.Debug|Any CPU.Build.0 = Debug|Any CPU
		{9B73B5FB-B969-4E44-9D7E-9CC8DEDF8579}.Release|Any CPU.ActiveCfg = Release|Any CPU
		{9B73B5FB-B969-4E44-9D7E-9CC8DEDF8579}.Release|Any CPU.Build.0 = Release|Any CPU
	EndGlobalSection
	GlobalSection(SolutionProperties) = preSolution
		HideSolutionNode = FALSE
	EndGlobalSection
	GlobalSection(ExtensibilityGlobals) = postSolution
		SolutionGuid = {9B105BF1-C793-4727-813F-3D7D16DD2CED}
	EndGlobalSection
EndGlobal
